<?xml version="1.0" encoding="utf-8"?>
<Project ToolsVersion="4.0" xmlns="http://schemas.microsoft.com/developer/msbuild/2003">
  <ItemGroup>
    <Filter Include="源文件">
      <UniqueIdentifier>{4FC737F1-C7A5-4376-A066-2A32D752A2FF}</UniqueIdentifier>
      <Extensions>cpp;c;cc;cxx;c++;def;odl;idl;hpj;bat;asm;asmx</Extensions>
    </Filter>
    <Filter Include="头文件">
      <UniqueIdentifier>{93995380-89BD-4b04-88EB-625FBE52EBFB}</UniqueIdentifier>
      <Extensions>h;hh;hpp;hxx;h++;hm;inl;inc;ipp;xsd</Extensions>
    </Filter>
    <Filter Include="资源文件">
      <UniqueIdentifier>{67DA6AB6-F800-4c08-8B7A-83BB121AAD01}</UniqueIdentifier>
      <Extensions>rc;ico;cur;bmp;dlg;rc2;rct;bin;rgs;gif;jpg;jpeg;jpe;resx;tiff;tif;png;wav;mfcribbon-ms</Extensions>
    </Filter>
  </ItemGroup>
  <ItemGroup>
    <ClInclude Include="FA2sp\FA2sp.h">
      <Filter>头文件</Filter>
    </ClInclude>
    <ClInclude Include="FA2sp\Ext\CScriptTypes\Body.h">
      <Filter>头文件</Filter>
    </ClInclude>
    <ClInclude Include="FA2sp\Ext\CTaskforce\Body.h">
      <Filter>头文件</Filter>
    </ClInclude>
    <ClInclude Include="FA2sp\Ext\CTileSetBrowserFrame\Body.h">
      <Filter>头文件</Filter>
    </ClInclude>
    <ClInclude Include="FA2sp\Ext\CTriggerFrame\Body.h">
      <Filter>头文件</Filter>
    </ClInclude>
    <ClInclude Include="FA2sp\Ext\CTriggerOption\Body.h">
      <Filter>头文件</Filter>
    </ClInclude>
    <ClInclude Include="FA2sp\Logger.h">
      <Filter>头文件</Filter>
    </ClInclude>
    <ClInclude Include="FA2sp\Ext\FA2Expand.h">
      <Filter>头文件</Filter>
    </ClInclude>
    <ClInclude Include="FA2sp\RunTime.h">
      <Filter>头文件</Filter>
    </ClInclude>
    <ClInclude Include="FA2sp\Helpers\Parser.h">
      <Filter>头文件</Filter>
    </ClInclude>
    <ClInclude Include="FA2sp\Helpers\MutexHelper.h">
      <Filter>头文件</Filter>
    </ClInclude>
    <ClInclude Include="FA2sp\Helpers\Helper.h">
      <Filter>头文件</Filter>
    </ClInclude>
    <ClInclude Include="FA2sp\Ext\CScriptTypes\Functional.h">
      <Filter>头文件</Filter>
    </ClInclude>
    <ClInclude Include="FA2sp\Ext\CFinalSunDlg\Body.h">
      <Filter>头文件</Filter>
    </ClInclude>
    <ClInclude Include="FA2sp\Helpers\Translations.h">
      <Filter>头文件</Filter>
    </ClInclude>
    <ClInclude Include="FA2sp\Helpers\STDHelpers.h">
      <Filter>头文件</Filter>
    </ClInclude>
    <ClInclude Include="FA2sp\Helpers\MultimapHelper.h">
      <Filter>头文件</Filter>
    </ClInclude>
    <ClInclude Include="FA2sp\Helpers\ControlHelpers.h">
      <Filter>头文件</Filter>
    </ClInclude>
    <ClInclude Include="FA2sp\FA2sp.Constants.h">
      <Filter>头文件</Filter>
    </ClInclude>
    <ClInclude Include="FA2sp\ExtraWindow\CTileManager\CTileManager.h">
      <Filter>头文件</Filter>
    </ClInclude>
    <ClInclude Include="FA2sp\Helpers\Templates.hpp">
      <Filter>头文件</Filter>
    </ClInclude>
    <ClInclude Include="FA2sp\Ext\CTriggerEvent\Body.h">
      <Filter>头文件</Filter>
    </ClInclude>
    <ClInclude Include="FA2sp\Ext\CTriggerAction\Body.h">
      <Filter>头文件</Filter>
    </ClInclude>
    <ClInclude Include="FA2sp\Ext\CTeamTypes\Body.h">
      <Filter>头文件</Filter>
    </ClInclude>
    <ClInclude Include="FA2sp\Ext\CIsoView\Body.h">
      <Filter>头文件</Filter>
    </ClInclude>
    <ClInclude Include="FA2sp\Ext\CLoading\Body.h">
      <Filter>头文件</Filter>
    </ClInclude>
    <ClInclude Include="FA2sp\Miscs\Palettes.h">
      <Filter>头文件</Filter>
    </ClInclude>
    <ClInclude Include="FA2sp\vxl_drawing_lib.h">
      <Filter>头文件</Filter>
    </ClInclude>
    <ClInclude Include="FA2sp\Miscs\DrawStuff.h">
      <Filter>头文件</Filter>
    </ClInclude>
    <ClInclude Include="FA2sp\ExtraWindow\CAllieEditor\CAllieEditor.h">
      <Filter>头文件</Filter>
    </ClInclude>
    <ClInclude Include="FA2sp\Ext\CHouses\Body.h">
      <Filter>头文件</Filter>
    </ClInclude>
    <ClInclude Include="FA2sp\Miscs\Exception.h">
      <Filter>头文件</Filter>
    </ClInclude>
    <ClInclude Include="FA2sp\Ext\CAITriggerTypes\Body.h">
      <Filter>头文件</Filter>
    </ClInclude>
    <ClInclude Include="FA2sp\Ext\CTileSetBrowserFrame\TabPages\TriggerSort.h">
      <Filter>头文件</Filter>
    </ClInclude>
    <ClInclude Include="FA2sp\Ext\CSingleplayerSettings\Body.h">
      <Filter>头文件</Filter>
    </ClInclude>
    <ClInclude Include="FA2sp\Ext\CLighting\Body.h">
      <Filter>头文件</Filter>
    </ClInclude>
    <ClInclude Include="FA2sp\resource.h">
      <Filter>头文件</Filter>
    </ClInclude>
    <ClInclude Include="FA2sp\Ext\CPropertyBuilding\Body.h">
      <Filter>头文件</Filter>
    </ClInclude>
    <ClInclude Include="FA2sp\Ext\CPropertyUnit\Body.h">
      <Filter>头文件</Filter>
    </ClInclude>
    <ClInclude Include="FA2sp\Ext\CPropertyInfantry\Body.h">
      <Filter>头文件</Filter>
    </ClInclude>
    <ClInclude Include="FA2sp\Ext\CPropertyAircraft\Body.h">
      <Filter>头文件</Filter>
    </ClInclude>
    <ClInclude Include="FA2sp\Miscs\SaveMap.h">
      <Filter>头文件</Filter>
    </ClInclude>
    <ClInclude Include="FA2sp\Miscs\TheaterInfo.h">
      <Filter>头文件</Filter>
    </ClInclude>
    <ClInclude Include="FA2sp\Ext\CMapData\Body.h">
      <Filter>头文件</Filter>
    </ClInclude>
  </ItemGroup>
  <ItemGroup>
    <ClCompile Include="FA2sp\FA2sp.cpp">
      <Filter>源文件</Filter>
    </ClCompile>
    <ClCompile Include="FA2sp\Ext\CScriptTypes\Body.cpp">
      <Filter>源文件</Filter>
    </ClCompile>
    <ClCompile Include="FA2sp\Ext\CTaskforce\Body.cpp">
      <Filter>源文件</Filter>
    </ClCompile>
    <ClCompile Include="FA2sp\Ext\CTaskforce\Hooks.cpp">
      <Filter>源文件</Filter>
    </ClCompile>
    <ClCompile Include="FA2sp\Ext\CTileSetBrowserFrame\Body.cpp">
      <Filter>源文件</Filter>
    </ClCompile>
    <ClCompile Include="FA2sp\Ext\CTriggerFrame\Body.cpp">
      <Filter>源文件</Filter>
    </ClCompile>
    <ClCompile Include="FA2sp\Ext\CTriggerOption\Body.cpp">
      <Filter>源文件</Filter>
    </ClCompile>
    <ClCompile Include="FA2sp\Logger.cpp">
      <Filter>源文件</Filter>
    </ClCompile>
    <ClCompile Include="FA2sp\UI\Hooks.cpp">
      <Filter>源文件</Filter>
    </ClCompile>
    <ClCompile Include="FA2sp\RunTime.cpp">
      <Filter>源文件</Filter>
    </ClCompile>
    <ClCompile Include="FA2sp\Miscs\Hooks.BugFixes.cpp">
      <Filter>源文件</Filter>
    </ClCompile>
    <ClCompile Include="FA2sp\Miscs\Hooks.Mix.cpp">
      <Filter>源文件</Filter>
    </ClCompile>
    <ClCompile Include="FA2sp\Ext\FA2Expand.cpp">
      <Filter>源文件</Filter>
    </ClCompile>
    <ClCompile Include="FA2sp\Miscs\Hooks.FileNames.cpp">
      <Filter>源文件</Filter>
    </ClCompile>
    <ClCompile Include="FA2sp\Ext\CScriptTypes\Hooks.cpp">
      <Filter>源文件</Filter>
    </ClCompile>
    <ClCompile Include="FA2sp\Helpers\MutexHelper.cpp">
      <Filter>源文件</Filter>
    </ClCompile>
    <ClCompile Include="FA2sp\Ext\CIsoView\Hooks.cpp">
      <Filter>源文件</Filter>
    </ClCompile>
    <ClCompile Include="FA2sp\Miscs\Hooks.Stringtables.cpp">
      <Filter>源文件</Filter>
    </ClCompile>
    <ClCompile Include="FA2sp\Ext\CFinalSunDlg\Hooks.ObjectBrowserControl.cpp">
      <Filter>源文件</Filter>
    </ClCompile>
    <ClCompile Include="FA2sp\Ext\CFinalSunDlg\Body.ObjectBrowserControl.cpp">
      <Filter>源文件</Filter>
    </ClCompile>
    <ClCompile Include="FA2sp\Helpers\Translations.cpp">
      <Filter>源文件</Filter>
    </ClCompile>
    <ClCompile Include="FA2sp\Helpers\MultimapHelper.cpp">
      <Filter>源文件</Filter>
    </ClCompile>
    <ClCompile Include="FA2sp\Helpers\ControlHelpers.cpp">
      <Filter>源文件</Filter>
    </ClCompile>
    <ClCompile Include="FA2sp\Ext\CTileSetBrowserFrame\Hooks.cpp">
      <Filter>源文件</Filter>
    </ClCompile>
    <ClCompile Include="FA2sp\Hooks.Debug.cpp">
      <Filter>源文件</Filter>
    </ClCompile>
    <ClCompile Include="FA2sp\Miscs\Hooks.INI.cpp">
      <Filter>源文件</Filter>
    </ClCompile>
    <ClCompile Include="FA2sp\ExtraWindow\CTileManager\CTileManager.cpp">
      <Filter>源文件</Filter>
    </ClCompile>
    <ClCompile Include="FA2sp\Miscs\Hooks.LoadParams.cpp">
      <Filter>源文件</Filter>
    </ClCompile>
    <ClCompile Include="FA2sp\Miscs\Hooks.Performance.cpp">
      <Filter>源文件</Filter>
    </ClCompile>
    <ClCompile Include="FA2sp\Miscs\Hooks.ExtWaypoints.cpp">
      <Filter>源文件</Filter>
    </ClCompile>
    <ClCompile Include="FA2sp\Ext\CTriggerEvent\Body.cpp">
      <Filter>源文件</Filter>
    </ClCompile>
    <ClCompile Include="FA2sp\Ext\CTriggerAction\Body.cpp">
      <Filter>源文件</Filter>
    </ClCompile>
    <ClCompile Include="FA2sp\Ext\CTeamTypes\Body.cpp">
      <Filter>源文件</Filter>
    </ClCompile>
    <ClCompile Include="FA2sp\Ext\CTeamTypes\Hooks.cpp">
      <Filter>源文件</Filter>
    </ClCompile>
    <ClCompile Include="FA2sp\Ext\CIsoView\Body.cpp">
      <Filter>源文件</Filter>
    </ClCompile>
    <ClCompile Include="FA2sp\Ext\CScriptTypes\Body.CurrentScript.cpp">
      <Filter>源文件</Filter>
    </ClCompile>
    <ClCompile Include="FA2sp\Miscs\Hooks.Palette.cpp">
      <Filter>源文件</Filter>
    </ClCompile>
    <ClCompile Include="FA2pp\FunctionInit.cpp">
      <Filter>源文件</Filter>
    </ClCompile>
    <ClCompile Include="FA2sp\Ext\CLoading\Hooks.LoadObjects.cpp">
      <Filter>源文件</Filter>
    </ClCompile>
    <ClCompile Include="FA2sp\Ext\CLoading\Body.cpp">
      <Filter>源文件</Filter>
    </ClCompile>
    <ClCompile Include="FA2sp\Ext\CLoading\Body.LoadObjects.cpp">
      <Filter>源文件</Filter>
    </ClCompile>
    <ClCompile Include="FA2sp\Miscs\Palettes.cpp">
      <Filter>源文件</Filter>
    </ClCompile>
    <ClCompile Include="FA2sp\Ext\CTriggerOption\Hooks.cpp">
      <Filter>源文件</Filter>
    </ClCompile>
    <ClCompile Include="FA2sp\Ext\CTriggerAction\Hooks.cpp">
      <Filter>源文件</Filter>
    </ClCompile>
    <ClCompile Include="FA2sp\Miscs\DrawStuff.cpp">
      <Filter>源文件</Filter>
    </ClCompile>
    <ClCompile Include="FA2sp\Ext\CFinalSunDlg\Body.cpp">
      <Filter>源文件</Filter>
    </ClCompile>
    <ClCompile Include="FA2sp\Ext\CFinalSunDlg\Hooks.cpp">
      <Filter>源文件</Filter>
    </ClCompile>
    <ClCompile Include="FA2sp\ExtraWindow\CAllieEditor\CAllieEditor.cpp">
      <Filter>源文件</Filter>
    </ClCompile>
    <ClCompile Include="FA2sp\Ext\CHouses\Body.cpp">
      <Filter>源文件</Filter>
    </ClCompile>
    <ClCompile Include="FA2sp\Miscs\Exception.cpp">
      <Filter>源文件</Filter>
    </ClCompile>
    <ClCompile Include="FA2sp\Miscs\SaveMap.cpp">
      <Filter>源文件</Filter>
    </ClCompile>
    <ClCompile Include="FA2sp\Ext\CAITriggerTypes\Body.cpp">
      <Filter>源文件</Filter>
    </ClCompile>
    <ClCompile Include="FA2sp\Ext\CLoading\Hooks.InitPalettes.cpp">
      <Filter>源文件</Filter>
    </ClCompile>
    <ClCompile Include="FA2sp\MFCWindow\Hooks.cpp">
      <Filter>源文件</Filter>
    </ClCompile>
    <ClCompile Include="FA2sp\Ext\CTileSetBrowserFrame\TabPages\TriggerSort.cpp">
      <Filter>源文件</Filter>
    </ClCompile>
    <ClCompile Include="FA2sp\Ext\CTriggerFrame\Hooks.cpp">
      <Filter>源文件</Filter>
    </ClCompile>
    <ClCompile Include="FA2sp\Ext\CSingleplayerSettings\Body.cpp">
      <Filter>源文件</Filter>
    </ClCompile>
    <ClCompile Include="FA2sp\Ext\CSingleplayerSettings\Hooks.cpp">
      <Filter>源文件</Filter>
    </ClCompile>
    <ClCompile Include="FA2sp\Ext\CLighting\Body.cpp">
      <Filter>源文件</Filter>
    </ClCompile>
    <ClCompile Include="FA2sp\Ext\CLighting\Hooks.cpp">
      <Filter>源文件</Filter>
    </ClCompile>
    <ClCompile Include="FA2sp\Ext\CEasterEgg\Hooks.cpp">
      <Filter>源文件</Filter>
    </ClCompile>
    <ClCompile Include="FA2sp\Ext\CPropertyBuilding\Body.cpp">
      <Filter>源文件</Filter>
    </ClCompile>
    <ClCompile Include="FA2sp\Ext\CPropertyUnit\Body.cpp">
      <Filter>源文件</Filter>
    </ClCompile>
    <ClCompile Include="FA2sp\Ext\CPropertyInfantry\Body.cpp">
      <Filter>源文件</Filter>
    </ClCompile>
    <ClCompile Include="FA2sp\Ext\CPropertyAircraft\Body.cpp">
      <Filter>源文件</Filter>
    </ClCompile>
    <ClCompile Include="FA2sp\Ext\CCreateMap3A\Hooks.cpp">
      <Filter>源文件</Filter>
    </ClCompile>
    <ClCompile Include="FA2sp\Ext\CMapD\Hooks.cpp">
      <Filter>源文件</Filter>
    </ClCompile>
    <ClCompile Include="FA2sp\Ext\CTileSetBrowserView\Hooks.cpp">
      <Filter>源文件</Filter>
    </ClCompile>
    <ClCompile Include="FA2sp\Miscs\TheaterInfo.cpp">
      <Filter>源文件</Filter>
    </ClCompile>
    <ClCompile Include="FA2sp\Ext\CMapData\Body.cpp">
      <Filter>源文件</Filter>
    </ClCompile>
    <ClCompile Include="FA2sp\Ext\CMapData\Hooks.cpp">
      <Filter>源文件</Filter>
    </ClCompile>
    <ClCompile Include="FA2sp\Ext\CPropertyBuilding\Hooks.cpp">
      <Filter>源文件</Filter>
    </ClCompile>
    <ClCompile Include="FA2sp\Ext\CPropertyAircraft\Hooks.cpp">
      <Filter>源文件</Filter>
    </ClCompile>
    <ClCompile Include="FA2sp\Ext\CPropertyUnit\Hooks.cpp">
      <Filter>源文件</Filter>
    </ClCompile>
    <ClCompile Include="FA2sp\Ext\CPropertyInfantry\Hooks.cpp">
      <Filter>源文件</Filter>
    </ClCompile>
    <ClCompile Include="FA2sp\Miscs\Hooks.PreviewFix.cpp">
      <Filter>源文件</Filter>
    </ClCompile>
    <ClCompile Include="FA2sp\Ext\CMinimap\Hooks.cpp">
      <Filter>源文件</Filter>
    </ClCompile>
    <ClCompile Include="FA2sp\Ext\CChangeMapSize\Hooks.cpp">
      <Filter>源文件</Filter>
    </ClCompile>
  </ItemGroup>
  <ItemGroup>
    <ResourceCompile Include="FA2sp\FA2sp.rc">
      <Filter>资源文件</Filter>
    </ResourceCompile>
    <ResourceCompile Include="FA2sp\UI\CHouses.rc">
      <Filter>资源文件</Filter>
    </ResourceCompile>
    <ResourceCompile Include="FA2sp\UI\CTeamTypes.rc">
      <Filter>资源文件</Filter>
    </ResourceCompile>
    <ResourceCompile Include="FA2sp\UI\CTileBrowserFrame.DialogBar.rc">
      <Filter>资源文件</Filter>
    </ResourceCompile>
    <ResourceCompile Include="FA2sp\ExtraWindow\CTileManager\CTileManager.rc">
      <Filter>资源文件</Filter>
    </ResourceCompile>
    <ResourceCompile Include="FA2sp\UI\CTriggerEvent.rc">
      <Filter>资源文件</Filter>
    </ResourceCompile>
    <ResourceCompile Include="FA2sp\UI\CTriggerAction.rc">
      <Filter>资源文件</Filter>
    </ResourceCompile>
    <ResourceCompile Include="FA2sp\UI\CTriggerOption.rc">
      <Filter>资源文件</Filter>
    </ResourceCompile>
    <ResourceCompile Include="FA2sp\UI\CTriggerFrame.rc">
      <Filter>资源文件</Filter>
    </ResourceCompile>
    <ResourceCompile Include="FA2sp\UI\CScriptTypes.rc">
      <Filter>资源文件</Filter>
    </ResourceCompile>
    <ResourceCompile Include="FA2sp\UI\CMenu.rc">
      <Filter>资源文件</Filter>
    </ResourceCompile>
    <ResourceCompile Include="FA2sp\UI\CTaskforce.rc">
      <Filter>资源文件</Filter>
    </ResourceCompile>
    <ResourceCompile Include="FA2sp\UI\CAircraftDialog.rc">
      <Filter>资源文件</Filter>
    </ResourceCompile>
    <ResourceCompile Include="FA2sp\UI\CInfantryDialog.rc">
      <Filter>资源文件</Filter>
    </ResourceCompile>
    <ResourceCompile Include="FA2sp\UI\CStructureDialog.rc">
      <Filter>资源文件</Filter>
    </ResourceCompile>
    <ResourceCompile Include="FA2sp\UI\CUnitDialog.rc">
      <Filter>资源文件</Filter>
    </ResourceCompile>
    <ResourceCompile Include="FA2sp\ExtraWindow\CAllieEditor\CAllieEditor.rc">
      <Filter>资源文件</Filter>
    </ResourceCompile>
    <ResourceCompile Include="FA2sp\UI\CAITriggerTypes.rc">
      <Filter>资源文件</Filter>
    </ResourceCompile>
    <ResourceCompile Include="FA2sp\UI\CSingleplayerSettings.rc">
      <Filter>资源文件</Filter>
    </ResourceCompile>
    <ResourceCompile Include="FA2sp\UI\CLighting.rc">
      <Filter>资源文件</Filter>
    </ResourceCompile>
    <ResourceCompile Include="FA2sp\UI\CLoading.rc">
      <Filter>资源文件</Filter>
    </ResourceCompile>
  </ItemGroup>
  <ItemGroup>
    <None Include="FA2sp\rt_manif.bin">
      <Filter>资源文件</Filter>
    </None>
  </ItemGroup>
</Project>