<?xml version="1.0" encoding="utf-8"?>
<Project ToolsVersion="4.0" xmlns="http://schemas.microsoft.com/developer/msbuild/2003">
  <ItemGroup>
    <Filter Include="源文件">
      <UniqueIdentifier>{4FC737F1-C7A5-4376-A066-2A32D752A2FF}</UniqueIdentifier>
      <Extensions>cpp;c;cc;cxx;c++;def;odl;idl;hpj;bat;asm;asmx</Extensions>
    </Filter>
    <Filter Include="头文件">
      <UniqueIdentifier>{93995380-89BD-4b04-88EB-625FBE52EBFB}</UniqueIdentifier>
      <Extensions>h;hh;hpp;hxx;h++;hm;inl;inc;ipp;xsd</Extensions>
    </Filter>
    <Filter Include="资源文件">
      <UniqueIdentifier>{67DA6AB6-F800-4c08-8B7A-83BB121AAD01}</UniqueIdentifier>
      <Extensions>rc;ico;cur;bmp;dlg;rc2;rct;bin;rgs;gif;jpg;jpeg;jpe;resx;tiff;tif;png;wav;mfcribbon-ms</Extensions>
    </Filter>
  </ItemGroup>
  <ItemGroup>
    <ClInclude Include="FA2sp\FA2sp.h">
      <Filter>头文件</Filter>
    </ClInclude>
    <ClInclude Include="FA2sp\Ext\CAITriggerTypes\Body.h">
      <Filter>头文件</Filter>
    </ClInclude>
    <ClInclude Include="FA2sp\Ext\CAITriggerTypesEnable\Body.h">
      <Filter>头文件</Filter>
    </ClInclude>
    <ClInclude Include="FA2sp\Ext\CBasic\Body.h">
      <Filter>头文件</Filter>
    </ClInclude>
    <ClInclude Include="FA2sp\Ext\CCellTag\Body.h">
      <Filter>头文件</Filter>
    </ClInclude>
    <ClInclude Include="FA2sp\Ext\CChangeMapSize\Body.h">
      <Filter>头文件</Filter>
    </ClInclude>
    <ClInclude Include="FA2sp\Ext\CCreateMap1\Body.h">
      <Filter>头文件</Filter>
    </ClInclude>
    <ClInclude Include="FA2sp\Ext\CCreateMap2\Body.h">
      <Filter>头文件</Filter>
    </ClInclude>
    <ClInclude Include="FA2sp\Ext\CCreateMap3A\Body.h">
      <Filter>头文件</Filter>
    </ClInclude>
    <ClInclude Include="FA2sp\Ext\CCreateMap3B\Body.h">
      <Filter>头文件</Filter>
    </ClInclude>
    <ClInclude Include="FA2sp\Ext\CCreateMap4\Body.h">
      <Filter>头文件</Filter>
    </ClInclude>
    <ClInclude Include="FA2sp\Ext\CCredits\Body.h">
      <Filter>头文件</Filter>
    </ClInclude>
    <ClInclude Include="FA2sp\Ext\CDialog289\Body.h">
      <Filter>头文件</Filter>
    </ClInclude>
    <ClInclude Include="FA2sp\Ext\CEasterEgg\Body.h">
      <Filter>头文件</Filter>
    </ClInclude>
    <ClInclude Include="FA2sp\Ext\CHouses\Body.h">
      <Filter>头文件</Filter>
    </ClInclude>
    <ClInclude Include="FA2sp\Ext\CINIEditor\Body.h">
      <Filter>头文件</Filter>
    </ClInclude>
    <ClInclude Include="FA2sp\Ext\CINIEditorImport\Body.h">
      <Filter>头文件</Filter>
    </ClInclude>
    <ClInclude Include="FA2sp\Ext\CLighting\Body.h">
      <Filter>头文件</Filter>
    </ClInclude>
    <ClInclude Include="FA2sp\Ext\CLoading\Body.h">
      <Filter>头文件</Filter>
    </ClInclude>
    <ClInclude Include="FA2sp\Ext\CLoadingGraphics\Body.h">
      <Filter>头文件</Filter>
    </ClInclude>
    <ClInclude Include="FA2sp\Ext\CLocal\Body.h">
      <Filter>头文件</Filter>
    </ClInclude>
    <ClInclude Include="FA2sp\Ext\CMapD\Body.h">
      <Filter>头文件</Filter>
    </ClInclude>
    <ClInclude Include="FA2sp\Ext\CMapScripts\Body.h">
      <Filter>头文件</Filter>
    </ClInclude>
    <ClInclude Include="FA2sp\Ext\CMinimap\Body.h">
      <Filter>头文件</Filter>
    </ClInclude>
    <ClInclude Include="FA2sp\Ext\CMMX\Body.h">
      <Filter>头文件</Filter>
    </ClInclude>
    <ClInclude Include="FA2sp\Ext\CNewHouse\Body.h">
      <Filter>头文件</Filter>
    </ClInclude>
    <ClInclude Include="FA2sp\Ext\COptions\Body.h">
      <Filter>头文件</Filter>
    </ClInclude>
    <ClInclude Include="FA2sp\Ext\CPropertyAircraft\Body.h">
      <Filter>头文件</Filter>
    </ClInclude>
    <ClInclude Include="FA2sp\Ext\CPropertyBuilding\Body.h">
      <Filter>头文件</Filter>
    </ClInclude>
    <ClInclude Include="FA2sp\Ext\CPropertyInfantry\Body.h">
      <Filter>头文件</Filter>
    </ClInclude>
    <ClInclude Include="FA2sp\Ext\CPropertyUnit\Body.h">
      <Filter>头文件</Filter>
    </ClInclude>
    <ClInclude Include="FA2sp\Ext\CRandomTree\Body.h">
      <Filter>头文件</Filter>
    </ClInclude>
    <ClInclude Include="FA2sp\Ext\CSaveOption\Body.h">
      <Filter>头文件</Filter>
    </ClInclude>
    <ClInclude Include="FA2sp\Ext\CScriptTypes\Body.h">
      <Filter>头文件</Filter>
    </ClInclude>
    <ClInclude Include="FA2sp\Ext\CSearchWaypoint\Body.h">
      <Filter>头文件</Filter>
    </ClInclude>
    <ClInclude Include="FA2sp\Ext\CSingleplayerSettings\Body.h">
      <Filter>头文件</Filter>
    </ClInclude>
    <ClInclude Include="FA2sp\Ext\CSpecialFlags\Body.h">
      <Filter>头文件</Filter>
    </ClInclude>
    <ClInclude Include="FA2sp\Ext\CTags\Body.h">
      <Filter>头文件</Filter>
    </ClInclude>
    <ClInclude Include="FA2sp\Ext\CTaskforce\Body.h">
      <Filter>头文件</Filter>
    </ClInclude>
    <ClInclude Include="FA2sp\Ext\CTeamTypes\Body.h">
      <Filter>头文件</Filter>
    </ClInclude>
    <ClInclude Include="FA2sp\Ext\CTileSetBrowserFrame\Body.h">
      <Filter>头文件</Filter>
    </ClInclude>
    <ClInclude Include="FA2sp\Ext\CTileSetBrowserView\Body.h">
      <Filter>头文件</Filter>
    </ClInclude>
    <ClInclude Include="FA2sp\Ext\CTriggerEvent\Body.h">
      <Filter>头文件</Filter>
    </ClInclude>
    <ClInclude Include="FA2sp\Ext\CTriggerFrame\Body.h">
      <Filter>头文件</Filter>
    </ClInclude>
    <ClInclude Include="FA2sp\Ext\CTriggerOption\Body.h">
      <Filter>头文件</Filter>
    </ClInclude>
    <ClInclude Include="FA2sp\Ext\CUpdateProgress\Body.h">
      <Filter>头文件</Filter>
    </ClInclude>
    <ClInclude Include="FA2sp\Logger.h">
      <Filter>头文件</Filter>
    </ClInclude>
    <ClInclude Include="FA2sp\Ext\FA2Expand.h">
      <Filter>头文件</Filter>
    </ClInclude>
    <ClInclude Include="FA2sp\RunTime.h">
      <Filter>头文件</Filter>
    </ClInclude>
    <ClInclude Include="FA2sp\Utils\Replacement.h">
      <Filter>头文件</Filter>
    </ClInclude>
    <ClInclude Include="FA2sp\Ext\CTriggerAction\Body.h">
      <Filter>头文件</Filter>
    </ClInclude>
    <ClInclude Include="FA2sp\Helpers\Parser.h">
      <Filter>头文件</Filter>
    </ClInclude>
    <ClInclude Include="FA2sp\Helpers\INIParser.h">
      <Filter>头文件</Filter>
    </ClInclude>
    <ClInclude Include="FA2sp\Helpers\MutexHelper.h">
      <Filter>头文件</Filter>
    </ClInclude>
    <ClInclude Include="FA2sp\FA2sp.Macros.h">
      <Filter>头文件</Filter>
    </ClInclude>
    <ClInclude Include="FA2sp\Ext\CIsoView\Body.h">
      <Filter>头文件</Filter>
    </ClInclude>
    <ClInclude Include="FA2sp\Helpers\Helper.h">
      <Filter>头文件</Filter>
    </ClInclude>
    <ClInclude Include="FA2sp\Ext\CScriptTypes\Functional.h">
      <Filter>头文件</Filter>
    </ClInclude>
    <ClInclude Include="FA2sp\Ext\CFinalSunDlg\Body.h">
      <Filter>头文件</Filter>
    </ClInclude>
    <ClInclude Include="FA2sp\Helpers\Translations.h">
      <Filter>头文件</Filter>
    </ClInclude>
    <ClInclude Include="FA2sp\Helpers\STDHelpers.h">
      <Filter>头文件</Filter>
    </ClInclude>
    <ClInclude Include="FA2sp\Helpers\MultimapHelper.h">
      <Filter>头文件</Filter>
    </ClInclude>
    <ClInclude Include="FA2sp\Helpers\FAINIHelper.h">
      <Filter>头文件</Filter>
    </ClInclude>
    <ClInclude Include="FA2sp\Helpers\ControlHelpers.h">
      <Filter>头文件</Filter>
    </ClInclude>
  </ItemGroup>
  <ItemGroup>
    <ClCompile Include="FA2sp\FA2sp.cpp">
      <Filter>源文件</Filter>
    </ClCompile>
    <ClCompile Include="FA2sp\Ext\CAITriggerTypes\Body.cpp">
      <Filter>源文件</Filter>
    </ClCompile>
    <ClCompile Include="FA2sp\Ext\CAITriggerTypesEnable\Body.cpp">
      <Filter>源文件</Filter>
    </ClCompile>
    <ClCompile Include="FA2sp\Ext\CBasic\Body.cpp">
      <Filter>源文件</Filter>
    </ClCompile>
    <ClCompile Include="FA2sp\Ext\CCellTag\Body.cpp">
      <Filter>源文件</Filter>
    </ClCompile>
    <ClCompile Include="FA2sp\Ext\CChangeMapSize\Body.cpp">
      <Filter>源文件</Filter>
    </ClCompile>
    <ClCompile Include="FA2sp\Ext\CCreateMap1\Body.cpp">
      <Filter>源文件</Filter>
    </ClCompile>
    <ClCompile Include="FA2sp\Ext\CCreateMap2\Body.cpp">
      <Filter>源文件</Filter>
    </ClCompile>
    <ClCompile Include="FA2sp\Ext\CCreateMap3A\Body.cpp">
      <Filter>源文件</Filter>
    </ClCompile>
    <ClCompile Include="FA2sp\Ext\CCreateMap3B\Body.cpp">
      <Filter>源文件</Filter>
    </ClCompile>
    <ClCompile Include="FA2sp\Ext\CCreateMap4\Body.cpp">
      <Filter>源文件</Filter>
    </ClCompile>
    <ClCompile Include="FA2sp\Ext\CCredits\Body.cpp">
      <Filter>源文件</Filter>
    </ClCompile>
    <ClCompile Include="FA2sp\Ext\CDialog289\Body.cpp">
      <Filter>源文件</Filter>
    </ClCompile>
    <ClCompile Include="FA2sp\Ext\CEasterEgg\Body.cpp">
      <Filter>源文件</Filter>
    </ClCompile>
    <ClCompile Include="FA2sp\Ext\CHouses\Body.cpp">
      <Filter>源文件</Filter>
    </ClCompile>
    <ClCompile Include="FA2sp\Ext\CINIEditor\Body.cpp">
      <Filter>源文件</Filter>
    </ClCompile>
    <ClCompile Include="FA2sp\Ext\CINIEditorImport\Body.cpp">
      <Filter>源文件</Filter>
    </ClCompile>
    <ClCompile Include="FA2sp\Ext\CLighting\Body.cpp">
      <Filter>源文件</Filter>
    </ClCompile>
    <ClCompile Include="FA2sp\Ext\CLoading\Body.cpp">
      <Filter>源文件</Filter>
    </ClCompile>
    <ClCompile Include="FA2sp\Ext\CLoadingGraphics\Body.cpp">
      <Filter>源文件</Filter>
    </ClCompile>
    <ClCompile Include="FA2sp\Ext\CLocal\Body.cpp">
      <Filter>源文件</Filter>
    </ClCompile>
    <ClCompile Include="FA2sp\Ext\CMapD\Body.cpp">
      <Filter>源文件</Filter>
    </ClCompile>
    <ClCompile Include="FA2sp\Ext\CMapScripts\Body.cpp">
      <Filter>源文件</Filter>
    </ClCompile>
    <ClCompile Include="FA2sp\Ext\CMinimap\Body.cpp">
      <Filter>源文件</Filter>
    </ClCompile>
    <ClCompile Include="FA2sp\Ext\CMMX\Body.cpp">
      <Filter>源文件</Filter>
    </ClCompile>
    <ClCompile Include="FA2sp\Ext\CNewHouse\Body.cpp">
      <Filter>源文件</Filter>
    </ClCompile>
    <ClCompile Include="FA2sp\Ext\COptions\Body.cpp">
      <Filter>源文件</Filter>
    </ClCompile>
    <ClCompile Include="FA2sp\Ext\CPropertyAircraft\Body.cpp">
      <Filter>源文件</Filter>
    </ClCompile>
    <ClCompile Include="FA2sp\Ext\CPropertyBuilding\Body.cpp">
      <Filter>源文件</Filter>
    </ClCompile>
    <ClCompile Include="FA2sp\Ext\CPropertyInfantry\Body.cpp">
      <Filter>源文件</Filter>
    </ClCompile>
    <ClCompile Include="FA2sp\Ext\CPropertyUnit\Body.cpp">
      <Filter>源文件</Filter>
    </ClCompile>
    <ClCompile Include="FA2sp\Ext\CRandomTree\Body.cpp">
      <Filter>源文件</Filter>
    </ClCompile>
    <ClCompile Include="FA2sp\Ext\CSaveOption\Body.cpp">
      <Filter>源文件</Filter>
    </ClCompile>
    <ClCompile Include="FA2sp\Ext\CScriptTypes\Body.cpp">
      <Filter>源文件</Filter>
    </ClCompile>
    <ClCompile Include="FA2sp\Ext\CSearchWaypoint\Body.cpp">
      <Filter>源文件</Filter>
    </ClCompile>
    <ClCompile Include="FA2sp\Ext\CSingleplayerSettings\Body.cpp">
      <Filter>源文件</Filter>
    </ClCompile>
    <ClCompile Include="FA2sp\Ext\CSpecialFlags\Body.cpp">
      <Filter>源文件</Filter>
    </ClCompile>
    <ClCompile Include="FA2sp\Ext\CTags\Body.cpp">
      <Filter>源文件</Filter>
    </ClCompile>
    <ClCompile Include="FA2sp\Ext\CTaskforce\Body.cpp">
      <Filter>源文件</Filter>
    </ClCompile>
    <ClCompile Include="FA2sp\Ext\CTaskforce\Hooks.cpp">
      <Filter>源文件</Filter>
    </ClCompile>
    <ClCompile Include="FA2sp\Ext\CTeamTypes\Body.cpp">
      <Filter>源文件</Filter>
    </ClCompile>
    <ClCompile Include="FA2sp\Ext\CTileSetBrowserFrame\Body.cpp">
      <Filter>源文件</Filter>
    </ClCompile>
    <ClCompile Include="FA2sp\Ext\CTileSetBrowserView\Body.cpp">
      <Filter>源文件</Filter>
    </ClCompile>
    <ClCompile Include="FA2sp\Ext\CTriggerEvent\Body.cpp">
      <Filter>源文件</Filter>
    </ClCompile>
    <ClCompile Include="FA2sp\Ext\CTriggerFrame\Body.cpp">
      <Filter>源文件</Filter>
    </ClCompile>
    <ClCompile Include="FA2sp\Ext\CTriggerOption\Body.cpp">
      <Filter>源文件</Filter>
    </ClCompile>
    <ClCompile Include="FA2sp\Ext\CUpdateProgress\Body.cpp">
      <Filter>源文件</Filter>
    </ClCompile>
    <ClCompile Include="FA2sp\Logger.cpp">
      <Filter>源文件</Filter>
    </ClCompile>
    <ClCompile Include="FA2sp\UI\Hooks.cpp">
      <Filter>源文件</Filter>
    </ClCompile>
    <ClCompile Include="FA2sp\RunTime.cpp">
      <Filter>源文件</Filter>
    </ClCompile>
    <ClCompile Include="FA2sp\Utils\Replacement.cpp">
      <Filter>源文件</Filter>
    </ClCompile>
    <ClCompile Include="FA2sp\Utils\Misc\Hooks.RGBColors.cpp">
      <Filter>源文件</Filter>
    </ClCompile>
    <ClCompile Include="FA2sp\Utils\Misc\Hooks.BugFixes.cpp">
      <Filter>源文件</Filter>
    </ClCompile>
    <ClCompile Include="FA2sp\Utils\Misc\Hooks.Mix.cpp">
      <Filter>源文件</Filter>
    </ClCompile>
    <ClCompile Include="FA2sp\Ext\FA2Expand.cpp">
      <Filter>源文件</Filter>
    </ClCompile>
    <ClCompile Include="FA2sp\Ext\CTriggerAction\Body.cpp">
      <Filter>源文件</Filter>
    </ClCompile>
    <ClCompile Include="FA2sp\Utils\Misc\Hooks.FileNames.cpp">
      <Filter>源文件</Filter>
    </ClCompile>
    <ClCompile Include="FA2sp\Ext\CTileSetBrowserView\Hooks.cpp">
      <Filter>源文件</Filter>
    </ClCompile>
    <ClCompile Include="FA2sp\Ext\CScriptTypes\Hooks.cpp">
      <Filter>源文件</Filter>
    </ClCompile>
    <ClCompile Include="FA2sp\Ext\Miscs\Hooks.LoadParams.cpp">
      <Filter>源文件</Filter>
    </ClCompile>
    <ClCompile Include="FA2sp\Helpers\MutexHelper.cpp">
      <Filter>源文件</Filter>
    </ClCompile>
    <ClCompile Include="FA2sp\Utils\Misc\Hooks.Includes.cpp">
      <Filter>源文件</Filter>
    </ClCompile>
    <ClCompile Include="FA2sp\Ext\CIsoView\Hooks.cpp">
      <Filter>源文件</Filter>
    </ClCompile>
    <ClCompile Include="FA2sp\Ext\CIsoView\Body.cpp">
      <Filter>源文件</Filter>
    </ClCompile>
    <ClCompile Include="FA2sp\Utils\Misc\Hooks.Stringtables.cpp">
      <Filter>源文件</Filter>
    </ClCompile>
    <ClCompile Include="FA2sp\Ext\CFinalSunDlg\Hooks.ObjectBrowserControl.cpp">
      <Filter>源文件</Filter>
    </ClCompile>
    <ClCompile Include="FA2sp\Ext\CFinalSunDlg\Body.cpp">
      <Filter>源文件</Filter>
    </ClCompile>
    <ClCompile Include="FA2sp\Ext\CFinalSunDlg\Body.ObjectBrowserControl.cpp">
      <Filter>源文件</Filter>
    </ClCompile>
    <ClCompile Include="FA2sp\Helpers\Translations.cpp">
      <Filter>源文件</Filter>
    </ClCompile>
    <ClCompile Include="FA2sp\Helpers\MultimapHelper.cpp">
      <Filter>源文件</Filter>
    </ClCompile>
    <ClCompile Include="FA2sp\Ext\CTeamTypes\Hooks.cpp">
      <Filter>源文件</Filter>
    </ClCompile>
    <ClCompile Include="FA2sp\Ext\CHouses\Hooks.cpp">
      <Filter>源文件</Filter>
    </ClCompile>
    <ClCompile Include="FA2sp\Helpers\ControlHelpers.cpp">
      <Filter>源文件</Filter>
    </ClCompile>
  </ItemGroup>
  <ItemGroup>
    <ResourceCompile Include="FA2sp\FA2sp.rc">
      <Filter>资源文件</Filter>
    </ResourceCompile>
    <ResourceCompile Include="FA2sp\UI\CHouses.rc">
      <Filter>资源文件</Filter>
    </ResourceCompile>
    <ResourceCompile Include="FA2sp\UI\CTeamTypes.rc">
      <Filter>资源文件</Filter>
    </ResourceCompile>
  </ItemGroup>
  <ItemGroup>
    <None Include="FA2sp\Utils\Misc\Hooks.LoadParamToCombobox.cpp" />
  </ItemGroup>
</Project>